
Microsoft Visual Studio Solution File, Format Version 12.00
# Visual Studio Version 16
VisualStudioVersion = 16.0.30907.101
MinimumVisualStudioVersion = 10.0.40219.1
Project("{FAE04EC0-301F-11D3-BF4B-00C04F79EFBC}") = "Homework_6_Solution_Project", "Homework_6_Solution_Project\Homework_6_Solution_Project.csproj", "{D32AFE4A-1898-4762-95B6-B185D64C2511}"
EndProject
Global
	GlobalSection(SolutionConfigurationPlatforms) = preSolution
		Debug|Any CPU = Debug|Any CPU
		Release|Any CPU = Release|Any CPU
	EndGlobalSection
	GlobalSection(ProjectConfigurationPlatforms) = postSolution
		{D32AFE4A-1898-4762-95B6-B185D64C2511}.Debug|Any CPU.ActiveCfg = Debug|Any CPU
		{D32AFE4A-1898-4762-95B6-B185D64C2511}.Debug|Any CPU.Build.0 = Debug|Any CPU
		{D32AFE4A-1898-4762-95B6-B185D64C2511}.Release|Any CPU.ActiveCfg = Release|Any CPU
		{D32AFE4A-1898-4762-95B6-B185D64C2511}.Release|Any CPU.Build.0 = Release|Any CPU
	EndGlobalSection
	GlobalSection(SolutionProperties) = preSolution
		HideSolutionNode = FALSE
	EndGlobalSection
	GlobalSection(ExtensibilityGlobals) = postSolution
		SolutionGuid = {C8F7B6E8-BA6C-4FB0-A0B9-E4A80FC73EB7}
	EndGlobalSection
EndGlobal
