
Microsoft Visual Studio Solution File, Format Version 12.00
# Visual Studio Version 16
VisualStudioVersion = 16.0.30907.101
MinimumVisualStudioVersion = 10.0.40219.1
Project("{FAE04EC0-301F-11D3-BF4B-00C04F79EFBC}") = "Homework_2_Solution_Project", "Homework_2_Solution_Project\Homework_2_Solution_Project.csproj", "{57C6FE81-F647-4A36-888F-C1C59C632F4B}"
EndProject
Global
	GlobalSection(SolutionConfigurationPlatforms) = preSolution
		Debug|Any CPU = Debug|Any CPU
		Release|Any CPU = Release|Any CPU
	EndGlobalSection
	GlobalSection(ProjectConfigurationPlatforms) = postSolution
		{57C6FE81-F647-4A36-888F-C1C59C632F4B}.Debug|Any CPU.ActiveCfg = Debug|Any CPU
		{57C6FE81-F647-4A36-888F-C1C59C632F4B}.Debug|Any CPU.Build.0 = Debug|Any CPU
		{57C6FE81-F647-4A36-888F-C1C59C632F4B}.Release|Any CPU.ActiveCfg = Release|Any CPU
		{57C6FE81-F647-4A36-888F-C1C59C632F4B}.Release|Any CPU.Build.0 = Release|Any CPU
	EndGlobalSection
	GlobalSection(SolutionProperties) = preSolution
		HideSolutionNode = FALSE
	EndGlobalSection
	GlobalSection(ExtensibilityGlobals) = postSolution
		SolutionGuid = {C01FD82C-7D3C-4089-9B5D-6C10519829EA}
	EndGlobalSection
EndGlobal
